
Microsoft Visual Studio Solution File, Format Version 12.00
# Visual Studio Version 16
VisualStudioVersion = 16.0.29324.140
MinimumVisualStudioVersion = 10.0.40219.1
Project("{FAE04EC0-301F-11D3-BF4B-00C04F79EFBC}") = "ParteVisual", "ParteVisual\ParteVisual.csproj", "{D4DF23C9-262C-49A9-9CE5-90A2870EFD55}"
EndProject
Project("{FAE04EC0-301F-11D3-BF4B-00C04F79EFBC}") = "Entidades", "Entidades\Entidades.csproj", "{6509CDC9-A833-4FF7-9F05-486EDD889615}"
EndProject
Global
	GlobalSection(SolutionConfigurationPlatforms) = preSolution
		Debug|Any CPU = Debug|Any CPU
		Release|Any CPU = Release|Any CPU
	EndGlobalSection
	GlobalSection(ProjectConfigurationPlatforms) = postSolution
		{D4DF23C9-262C-49A9-9CE5-90A2870EFD55}.Debug|Any CPU.ActiveCfg = Debug|Any CPU
		{D4DF23C9-262C-49A9-9CE5-90A2870EFD55}.Debug|Any CPU.Build.0 = Debug|Any CPU
		{D4DF23C9-262C-49A9-9CE5-90A2870EFD55}.Release|Any CPU.ActiveCfg = Release|Any CPU
		{D4DF23C9-262C-49A9-9CE5-90A2870EFD55}.Release|Any CPU.Build.0 = Release|Any CPU
		{6509CDC9-A833-4FF7-9F05-486EDD889615}.Debug|Any CPU.ActiveCfg = Debug|Any CPU
		{6509CDC9-A833-4FF7-9F05-486EDD889615}.Debug|Any CPU.Build.0 = Debug|Any CPU
		{6509CDC9-A833-4FF7-9F05-486EDD889615}.Release|Any CPU.ActiveCfg = Release|Any CPU
		{6509CDC9-A833-4FF7-9F05-486EDD889615}.Release|Any CPU.Build.0 = Release|Any CPU
	EndGlobalSection
	GlobalSection(SolutionProperties) = preSolution
		HideSolutionNode = FALSE
	EndGlobalSection
	GlobalSection(ExtensibilityGlobals) = postSolution
		SolutionGuid = {F4B63D9C-CB1F-4489-9ED6-143A97727F4E}
	EndGlobalSection
EndGlobal
